
Microsoft Visual Studio Solution File, Format Version 12.00
# Visual Studio Version 17
VisualStudioVersion = 17.7.34024.191
MinimumVisualStudioVersion = 10.0.40219.1
Project("{FAE04EC0-301F-11D3-BF4B-00C04F79EFBC}") = "ForteARG", "ForteARP\ForteARG.csproj", "{FDE527DF-66DD-407E-B1A0-33D27A36B730}"
EndProject
Project("{FAE04EC0-301F-11D3-BF4B-00C04F79EFBC}") = "ForteArg.Services", "ForteARP.Services\ForteArp.Services\ForteArg.Services.csproj", "{8F484508-FA16-4B5D-A7A4-D264299769D1}"
EndProject
Project("{54435603-DBB4-11D2-8724-00A0C9A8B90C}") = "ForteARGSetUp", "ForteARGSetUp\ForteARGSetUp.vdproj", "{567482E8-7F1C-4289-8B51-045B91E8AE88}"
EndProject
Global
	GlobalSection(SolutionConfigurationPlatforms) = preSolution
		Debug|Any CPU = Debug|Any CPU
		Debug|x86 = Debug|x86
		Release|Any CPU = Release|Any CPU
		Release|x86 = Release|x86
	EndGlobalSection
	GlobalSection(ProjectConfigurationPlatforms) = postSolution
		{FDE527DF-66DD-407E-B1A0-33D27A36B730}.Debug|Any CPU.ActiveCfg = Debug|Any CPU
		{FDE527DF-66DD-407E-B1A0-33D27A36B730}.Debug|Any CPU.Build.0 = Debug|Any CPU
		{FDE527DF-66DD-407E-B1A0-33D27A36B730}.Debug|x86.ActiveCfg = Debug|Any CPU
		{FDE527DF-66DD-407E-B1A0-33D27A36B730}.Debug|x86.Build.0 = Debug|Any CPU
		{FDE527DF-66DD-407E-B1A0-33D27A36B730}.Release|Any CPU.ActiveCfg = Release|Any CPU
		{FDE527DF-66DD-407E-B1A0-33D27A36B730}.Release|Any CPU.Build.0 = Release|Any CPU
		{FDE527DF-66DD-407E-B1A0-33D27A36B730}.Release|Any CPU.Deploy.0 = Release|Any CPU
		{FDE527DF-66DD-407E-B1A0-33D27A36B730}.Release|x86.ActiveCfg = Release|Any CPU
		{FDE527DF-66DD-407E-B1A0-33D27A36B730}.Release|x86.Build.0 = Release|Any CPU
		{8F484508-FA16-4B5D-A7A4-D264299769D1}.Debug|Any CPU.ActiveCfg = Debug|Any CPU
		{8F484508-FA16-4B5D-A7A4-D264299769D1}.Debug|Any CPU.Build.0 = Debug|Any CPU
		{8F484508-FA16-4B5D-A7A4-D264299769D1}.Debug|x86.ActiveCfg = Debug|Any CPU
		{8F484508-FA16-4B5D-A7A4-D264299769D1}.Debug|x86.Build.0 = Debug|Any CPU
		{8F484508-FA16-4B5D-A7A4-D264299769D1}.Release|Any CPU.ActiveCfg = Release|Any CPU
		{8F484508-FA16-4B5D-A7A4-D264299769D1}.Release|Any CPU.Build.0 = Release|Any CPU
		{8F484508-FA16-4B5D-A7A4-D264299769D1}.Release|x86.ActiveCfg = Release|Any CPU
		{8F484508-FA16-4B5D-A7A4-D264299769D1}.Release|x86.Build.0 = Release|Any CPU
		{567482E8-7F1C-4289-8B51-045B91E8AE88}.Debug|Any CPU.ActiveCfg = Debug
		{567482E8-7F1C-4289-8B51-045B91E8AE88}.Debug|Any CPU.Build.0 = Debug
		{567482E8-7F1C-4289-8B51-045B91E8AE88}.Debug|x86.ActiveCfg = Debug
		{567482E8-7F1C-4289-8B51-045B91E8AE88}.Debug|x86.Build.0 = Debug
		{567482E8-7F1C-4289-8B51-045B91E8AE88}.Release|Any CPU.ActiveCfg = Release
		{567482E8-7F1C-4289-8B51-045B91E8AE88}.Release|Any CPU.Build.0 = Release
		{567482E8-7F1C-4289-8B51-045B91E8AE88}.Release|x86.ActiveCfg = Release
		{567482E8-7F1C-4289-8B51-045B91E8AE88}.Release|x86.Build.0 = Release
	EndGlobalSection
	GlobalSection(SolutionProperties) = preSolution
		HideSolutionNode = FALSE
	EndGlobalSection
	GlobalSection(ExtensibilityGlobals) = postSolution
		SolutionGuid = {4812956E-4A41-4853-A793-3256E6841DC8}
	EndGlobalSection
EndGlobal
